{
  "name": "@proxtx/combine-iframe",
  "version": "1.0.1",
  "lockfileVersion": 2,
  "requires": true,
  "packages": {
    "": {
      "name": "@proxtx/combine-iframe",
      "version": "1.0.1",
      "license": "MIT",
      "dependencies": {
        "@proxtx/combine": "^3.1.3"
      }
    },
    "node_modules/@proxtx/combine": {
      "version": "3.1.3",
      "resolved": "https://registry.npmjs.org/@proxtx/combine/-/combine-3.1.3.tgz",
      "integrity": "sha512-nloOOp2Md5qsFfODbojlQOAs4Czfz4NcuHDbDGNfabD1xjNDHWF0qVD/iXJSC2FgVwszdp+p0f5kfpLEDeO0vA=="
    }
  },
  "dependencies": {
    "@proxtx/combine": {
      "version": "3.1.3",
      "resolved": "https://registry.npmjs.org/@proxtx/combine/-/combine-3.1.3.tgz",
      "integrity": "sha512-nloOOp2Md5qsFfODbojlQOAs4Czfz4NcuHDbDGNfabD1xjNDHWF0qVD/iXJSC2FgVwszdp+p0f5kfpLEDeO0vA=="
    }
  }
}
