{
  "name": "@proxtx/combine-iframe",
  "version": "1.0.2",
  "lockfileVersion": 2,
  "requires": true,
  "packages": {
    "": {
      "name": "@proxtx/combine-iframe",
      "version": "1.0.2",
      "license": "MIT",
      "dependencies": {
        "@proxtx/combine": "^3.1.4"
      }
    },
    "node_modules/@proxtx/combine": {
      "version": "3.1.4",
      "resolved": "https://registry.npmjs.org/@proxtx/combine/-/combine-3.1.4.tgz",
      "integrity": "sha512-7IR2HRO0pGps1TuaaZ+LNsK2sVGd1CTvgRYPrQDeAVmZ+AcLl3Hyt05CDxHPr0hPDTGHRWeu//bsfHT0jthSzg=="
    }
  },
  "dependencies": {
    "@proxtx/combine": {
      "version": "3.1.4",
      "resolved": "https://registry.npmjs.org/@proxtx/combine/-/combine-3.1.4.tgz",
      "integrity": "sha512-7IR2HRO0pGps1TuaaZ+LNsK2sVGd1CTvgRYPrQDeAVmZ+AcLl3Hyt05CDxHPr0hPDTGHRWeu//bsfHT0jthSzg=="
    }
  }
}
