{
  "name": "@proxtx/combine-iframe",
  "version": "1.0.0",
  "lockfileVersion": 1,
  "requires": true,
  "dependencies": {
    "@proxtx/combine": {
      "version": "2.0.2",
      "resolved": "https://registry.npmjs.org/@proxtx/combine/-/combine-2.0.2.tgz",
      "integrity": "sha512-avmm0xYpnv4UXYIQdMwwjdSQ6Ep3Ym/uE+mUHVg/dPjLJfi+kB2ouD8lu+GSuycq7DHpQL3wTaqqU9tiKa2EfQ=="
    }
  }
}
